# This file is automatically @generated by Cargo.
# It is not intended for manual editing.
version = 4

[[package]]
name = "base64"
version = "0.1.0"
dependencies = [
 "lib-base64",
]

[[package]]
name = "lib-base64"
version = "2.1.0"
source = "registry+https://github.com/rust-lang/crates.io-index"
checksum = "2c107e4e20fb45f55e1350d5401e3b6b97561aa9e757363c280bac76794d6b2e"
